
Microsoft Visual Studio Solution File, Format Version 12.00
# Visual Studio Version 16
VisualStudioVersion = 16.0.30503.244
MinimumVisualStudioVersion = 10.0.40219.1
Project("{FAE04EC0-301F-11D3-BF4B-00C04F79EFBC}") = "Exo4", "Exo4.csproj", "{F85DFA14-7DEF-47E2-8C72-D8473CBC2B33}"
EndProject
Global
	GlobalSection(SolutionConfigurationPlatforms) = preSolution
		Debug|Any CPU = Debug|Any CPU
		Release|Any CPU = Release|Any CPU
	EndGlobalSection
	GlobalSection(ProjectConfigurationPlatforms) = postSolution
		{F85DFA14-7DEF-47E2-8C72-D8473CBC2B33}.Debug|Any CPU.ActiveCfg = Debug|Any CPU
		{F85DFA14-7DEF-47E2-8C72-D8473CBC2B33}.Debug|Any CPU.Build.0 = Debug|Any CPU
		{F85DFA14-7DEF-47E2-8C72-D8473CBC2B33}.Release|Any CPU.ActiveCfg = Release|Any CPU
		{F85DFA14-7DEF-47E2-8C72-D8473CBC2B33}.Release|Any CPU.Build.0 = Release|Any CPU
	EndGlobalSection
	GlobalSection(SolutionProperties) = preSolution
		HideSolutionNode = FALSE
	EndGlobalSection
	GlobalSection(ExtensibilityGlobals) = postSolution
		SolutionGuid = {08A422BC-8BBD-47E4-8C48-2ECD484DA737}
	EndGlobalSection
EndGlobal
